schema: '2.0'
stages:
  data_ingestion:
    cmd: python src/data_ingestion.py
    deps:
    - path: src/data_ingestion.py
      hash: md5
      md5: bbfe68ec4fdb3d597fba0973922d84b0
      size: 2679
    outs:
    - path: data/test.csv
      hash: md5
      md5: 7533b82eae4b582610cbd68aa636b017
      size: 28629
    - path: data/train.csv
      hash: md5
      md5: 2309cc5f04782ed9bb6016d9f4e381cf
      size: 61194
  data_preprocessing:
    cmd: python src/data_preprocessing.py
    deps:
    - path: data/test.csv
      hash: md5
      md5: 7533b82eae4b582610cbd68aa636b017
      size: 28629
    - path: data/train.csv
      hash: md5
      md5: 2309cc5f04782ed9bb6016d9f4e381cf
      size: 61194
    - path: src/data_preprocessing.py
      hash: md5
      md5: e1b210c98a6c6832416a06f0c63c0cb6
      size: 3227
    outs:
    - path: data/preprocessed_data.csv
      hash: md5
      md5: 872551c1342b3c76df279adfd4d18675
      size: 95469
  feature_engineering:
    cmd: python src/feature_engineering.py
    deps:
    - path: data/preprocessed_data.csv
      hash: md5
      md5: 872551c1342b3c76df279adfd4d18675
      size: 95469
    - path: src/feature_engineering.py
      hash: md5
      md5: 970142290ea807a813c8c023d80fcf1b
      size: 3475
    outs:
    - path: data/feature_engineering.csv
      hash: md5
      md5: 4cced0816a9221dc2dce28ffc5827390
      size: 55343
  model_training:
    cmd: python src/model_training.py
    deps:
    - path: data/feature_engineering.csv
      hash: md5
      md5: 4cced0816a9221dc2dce28ffc5827390
      size: 55343
    - path: src/model_training.py
      hash: md5
      md5: 935d624620019efe91c5472b059f3f54
      size: 4474
    outs:
    - path: data/X_test.csv
      hash: md5
      md5: 5f679169c56a20ef329a0189d8853409
      size: 17475
    - path: data/model_training.csv
      hash: md5
      md5: 06caaf020ab3e19e11bc9ca9b5420bb9
      size: 86032
    - path: data/y_test.csv
      hash: md5
      md5: 76bd4282c87663acba983d7c4b7e62c3
      size: 950
    - path: models/gradient_boosting.pkl
      hash: md5
      md5: c9a7e6c7f1701156ed8c1b2441a81ae9
      size: 133687
    - path: models/histogram_gradient_boosting.pkl
      hash: md5
      md5: 687867442e26c5fc04fd51efea29e6fe
      size: 84735
    - path: models/logistic_regression.pkl
      hash: md5
      md5: 34bc562853ad3e0520eaf8827856f114
      size: 950
    - path: models/random_forest.pkl
      hash: md5
      md5: d30558c36b12d42ef7ff447acc09161e
      size: 150278
  model_evaluation:
    cmd: python src/model_evaluation.py
    deps:
    - path: data/X_test.csv
      hash: md5
      md5: 5f679169c56a20ef329a0189d8853409
      size: 17475
    - path: data/y_test.csv
      hash: md5
      md5: 76bd4282c87663acba983d7c4b7e62c3
      size: 950
    - path: models/gradient_boosting.pkl
      hash: md5
      md5: c9a7e6c7f1701156ed8c1b2441a81ae9
      size: 133687
    - path: models/histogram_gradient_boosting.pkl
      hash: md5
      md5: 687867442e26c5fc04fd51efea29e6fe
      size: 84735
    - path: models/logistic_regression.pkl
      hash: md5
      md5: 34bc562853ad3e0520eaf8827856f114
      size: 950
    - path: models/random_forest.pkl
      hash: md5
      md5: d30558c36b12d42ef7ff447acc09161e
      size: 150278
    - path: src/model_evaluation.py
      hash: md5
      md5: 1c138f9068a19945bfc429aa6fd75b11
      size: 3499
    outs:
    - path: report/metrics.json
      hash: md5
      md5: 5b6c64716da1d8322aae3635d33bb3d3
      size: 937
